
Microsoft Visual Studio Solution File, Format Version 12.00
# Visual Studio Version 16
VisualStudioVersion = 16.0.33529.622
MinimumVisualStudioVersion = 10.0.40219.1
Project("{FAE04EC0-301F-11D3-BF4B-00C04F79EFBC}") = "CoolKicks", "CoolKicks\CoolKicks.csproj", "{9918BE76-CE04-4FE3-8C8A-28FDE22CD5AF}"
EndProject
Global
	GlobalSection(SolutionConfigurationPlatforms) = preSolution
		Debug|Any CPU = Debug|Any CPU
		Release|Any CPU = Release|Any CPU
	EndGlobalSection
	GlobalSection(ProjectConfigurationPlatforms) = postSolution
		{9918BE76-CE04-4FE3-8C8A-28FDE22CD5AF}.Debug|Any CPU.ActiveCfg = Debug|Any CPU
		{9918BE76-CE04-4FE3-8C8A-28FDE22CD5AF}.Debug|Any CPU.Build.0 = Debug|Any CPU
		{9918BE76-CE04-4FE3-8C8A-28FDE22CD5AF}.Release|Any CPU.ActiveCfg = Release|Any CPU
		{9918BE76-CE04-4FE3-8C8A-28FDE22CD5AF}.Release|Any CPU.Build.0 = Release|Any CPU
	EndGlobalSection
	GlobalSection(SolutionProperties) = preSolution
		HideSolutionNode = FALSE
	EndGlobalSection
	GlobalSection(ExtensibilityGlobals) = postSolution
		SolutionGuid = {23AC3C1C-39BC-49AA-B76C-271B4E3C74C3}
	EndGlobalSection
EndGlobal
